// !$*UTF8*$!
{
	archiveVersion = 1;
	classes = {
	};
	objectVersion = 55;
	objects = {

/* Begin PBXBuildFile section */
		BEBE1813289F9AA300E9B34D /* AppDelegate.swift in Sources */ = {isa = PBXBuildFile; fileRef = BEBE1812289F9AA300E9B34D /* AppDelegate.swift */; };
		BEBE1815289F9AA300E9B34D /* SceneDelegate.swift in Sources */ = {isa = PBXBuildFile; fileRef = BEBE1814289F9AA300E9B34D /* SceneDelegate.swift */; };
		BEBE1817289F9AA300E9B34D /* PostsViewController.swift in Sources */ = {isa = PBXBuildFile; fileRef = BEBE1816289F9AA300E9B34D /* PostsViewController.swift */; };
		BEBE181C289F9AA400E9B34D /* Assets.xcassets in Resources */ = {isa = PBXBuildFile; fileRef = BEBE181B289F9AA400E9B34D /* Assets.xcassets */; };
		BEBE181F289F9AA400E9B34D /* LaunchScreen.storyboard in Resources */ = {isa = PBXBuildFile; fileRef = BEBE181D289F9AA400E9B34D /* LaunchScreen.storyboard */; };
		BEBE1828289F9D6500E9B34D /* Assembly.swift in Sources */ = {isa = PBXBuildFile; fileRef = BEBE1827289F9D6500E9B34D /* Assembly.swift */; };
		BEBE182B289F9F0500E9B34D /* NetworkService.swift in Sources */ = {isa = PBXBuildFile; fileRef = BEBE182A289F9F0500E9B34D /* NetworkService.swift */; };
		BEBE182E289FA53D00E9B34D /* DatabaseService.swift in Sources */ = {isa = PBXBuildFile; fileRef = BEBE182D289FA53D00E9B34D /* DatabaseService.swift */; };
		BEBE1830289FA59E00E9B34D /* PostsObject.swift in Sources */ = {isa = PBXBuildFile; fileRef = BEBE182F289FA59E00E9B34D /* PostsObject.swift */; };
		BEBE1832289FC12B00E9B34D /* TableViewDataSource.swift in Sources */ = {isa = PBXBuildFile; fileRef = BEBE1831289FC12B00E9B34D /* TableViewDataSource.swift */; };
		DCE3FF64C301FFA404A62570 /* Pods_PracitceWithSwinject.framework in Frameworks */ = {isa = PBXBuildFile; fileRef = 8C3013CDB852E2504A254383 /* Pods_PracitceWithSwinject.framework */; };
/* End PBXBuildFile section */

/* Begin PBXFileReference section */
		6847DF2FF5E10DADCCC0AB48 /* Pods-PracitceWithSwinject.debug.xcconfig */ = {isa = PBXFileReference; includeInIndex = 1; lastKnownFileType = text.xcconfig; name = "Pods-PracitceWithSwinject.debug.xcconfig"; path = "Target Support Files/Pods-PracitceWithSwinject/Pods-PracitceWithSwinject.debug.xcconfig"; sourceTree = "<group>"; };
		8C3013CDB852E2504A254383 /* Pods_PracitceWithSwinject.framework */ = {isa = PBXFileReference; explicitFileType = wrapper.framework; includeInIndex = 0; path = Pods_PracitceWithSwinject.framework; sourceTree = BUILT_PRODUCTS_DIR; };
		A3337A6DFD3DAC4FF118B3E4 /* Pods-PracitceWithSwinject.release.xcconfig */ = {isa = PBXFileReference; includeInIndex = 1; lastKnownFileType = text.xcconfig; name = "Pods-PracitceWithSwinject.release.xcconfig"; path = "Target Support Files/Pods-PracitceWithSwinject/Pods-PracitceWithSwinject.release.xcconfig"; sourceTree = "<group>"; };
		BEBE180F289F9AA300E9B34D /* PracitceWithSwinject.app */ = {isa = PBXFileReference; explicitFileType = wrapper.application; includeInIndex = 0; path = PracitceWithSwinject.app; sourceTree = BUILT_PRODUCTS_DIR; };
		BEBE1812289F9AA300E9B34D /* AppDelegate.swift */ = {isa = PBXFileReference; lastKnownFileType = sourcecode.swift; path = AppDelegate.swift; sourceTree = "<group>"; };
		BEBE1814289F9AA300E9B34D /* SceneDelegate.swift */ = {isa = PBXFileReference; lastKnownFileType = sourcecode.swift; path = SceneDelegate.swift; sourceTree = "<group>"; };
		BEBE1816289F9AA300E9B34D /* PostsViewController.swift */ = {isa = PBXFileReference; lastKnownFileType = sourcecode.swift; path = PostsViewController.swift; sourceTree = "<group>"; };
		BEBE181B289F9AA400E9B34D /* Assets.xcassets */ = {isa = PBXFileReference; lastKnownFileType = folder.assetcatalog; path = Assets.xcassets; sourceTree = "<group>"; };
		BEBE181E289F9AA400E9B34D /* Base */ = {isa = PBXFileReference; lastKnownFileType = file.storyboard; name = Base; path = Base.lproj/LaunchScreen.storyboard; sourceTree = "<group>"; };
		BEBE1820289F9AA400E9B34D /* Info.plist */ = {isa = PBXFileReference; lastKnownFileType = text.plist.xml; path = Info.plist; sourceTree = "<group>"; };
		BEBE1827289F9D6500E9B34D /* Assembly.swift */ = {isa = PBXFileReference; lastKnownFileType = sourcecode.swift; path = Assembly.swift; sourceTree = "<group>"; };
		BEBE182A289F9F0500E9B34D /* NetworkService.swift */ = {isa = PBXFileReference; lastKnownFileType = sourcecode.swift; path = NetworkService.swift; sourceTree = "<group>"; };
		BEBE182D289FA53D00E9B34D /* DatabaseService.swift */ = {isa = PBXFileReference; lastKnownFileType = sourcecode.swift; path = DatabaseService.swift; sourceTree = "<group>"; };
		BEBE182F289FA59E00E9B34D /* PostsObject.swift */ = {isa = PBXFileReference; lastKnownFileType = sourcecode.swift; path = PostsObject.swift; sourceTree = "<group>"; };
		BEBE1831289FC12B00E9B34D /* TableViewDataSource.swift */ = {isa = PBXFileReference; lastKnownFileType = sourcecode.swift; path = TableViewDataSource.swift; sourceTree = "<group>"; };
/* End PBXFileReference section */

/* Begin PBXFrameworksBuildPhase section */
		BEBE180C289F9AA300E9B34D /* Frameworks */ = {
			isa = PBXFrameworksBuildPhase;
			buildActionMask = 2147483647;
			files = (
				DCE3FF64C301FFA404A62570 /* Pods_PracitceWithSwinject.framework in Frameworks */,
			);
			runOnlyForDeploymentPostprocessing = 0;
		};
/* End PBXFrameworksBuildPhase section */

/* Begin PBXGroup section */
		9FA56BD8802ADF4F4BDA8F70 /* Frameworks */ = {
			isa = PBXGroup;
			children = (
				8C3013CDB852E2504A254383 /* Pods_PracitceWithSwinject.framework */,
			);
			name = Frameworks;
			sourceTree = "<group>";
		};
		BEBE1806289F9AA300E9B34D = {
			isa = PBXGroup;
			children = (
				BEBE1811289F9AA300E9B34D /* PracitceWithSwinject */,
				BEBE1810289F9AA300E9B34D /* Products */,
				CEA20333E3EFACD1028A6C1C /* Pods */,
				9FA56BD8802ADF4F4BDA8F70 /* Frameworks */,
			);
			sourceTree = "<group>";
		};
		BEBE1810289F9AA300E9B34D /* Products */ = {
			isa = PBXGroup;
			children = (
				BEBE180F289F9AA300E9B34D /* PracitceWithSwinject.app */,
			);
			name = Products;
			sourceTree = "<group>";
		};
		BEBE1811289F9AA300E9B34D /* PracitceWithSwinject */ = {
			isa = PBXGroup;
			children = (
				BEBE182C289FA52B00E9B34D /* DatabaseService */,
				BEBE1829289F9EF800E9B34D /* NetworkService */,
				BEBE1826289F9D4F00E9B34D /* AssemblyLayer */,
				BEBE1812289F9AA300E9B34D /* AppDelegate.swift */,
				BEBE182F289FA59E00E9B34D /* PostsObject.swift */,
				BEBE1814289F9AA300E9B34D /* SceneDelegate.swift */,
				BEBE1816289F9AA300E9B34D /* PostsViewController.swift */,
				BEBE1831289FC12B00E9B34D /* TableViewDataSource.swift */,
				BEBE181B289F9AA400E9B34D /* Assets.xcassets */,
				BEBE181D289F9AA400E9B34D /* LaunchScreen.storyboard */,
				BEBE1820289F9AA400E9B34D /* Info.plist */,
			);
			path = PracitceWithSwinject;
			sourceTree = "<group>";
		};
		BEBE1826289F9D4F00E9B34D /* AssemblyLayer */ = {
			isa = PBXGroup;
			children = (
				BEBE1827289F9D6500E9B34D /* Assembly.swift */,
			);
			path = AssemblyLayer;
			sourceTree = "<group>";
		};
		BEBE1829289F9EF800E9B34D /* NetworkService */ = {
			isa = PBXGroup;
			children = (
				BEBE182A289F9F0500E9B34D /* NetworkService.swift */,
			);
			path = NetworkService;
			sourceTree = "<group>";
		};
		BEBE182C289FA52B00E9B34D /* DatabaseService */ = {
			isa = PBXGroup;
			children = (
				BEBE182D289FA53D00E9B34D /* DatabaseService.swift */,
			);
			path = DatabaseService;
			sourceTree = "<group>";
		};
		CEA20333E3EFACD1028A6C1C /* Pods */ = {
			isa = PBXGroup;
			children = (
				6847DF2FF5E10DADCCC0AB48 /* Pods-PracitceWithSwinject.debug.xcconfig */,
				A3337A6DFD3DAC4FF118B3E4 /* Pods-PracitceWithSwinject.release.xcconfig */,
			);
			path = Pods;
			sourceTree = "<group>";
		};
/* End PBXGroup section */

/* Begin PBXNativeTarget section */
		BEBE180E289F9AA300E9B34D /* PracitceWithSwinject */ = {
			isa = PBXNativeTarget;
			buildConfigurationList = BEBE1823289F9AA400E9B34D /* Build configuration list for PBXNativeTarget "PracitceWithSwinject" */;
			buildPhases = (
				E674ED6DEEEBF3C7B9283412 /* [CP] Check Pods Manifest.lock */,
				BEBE180B289F9AA300E9B34D /* Sources */,
				BEBE180C289F9AA300E9B34D /* Frameworks */,
				BEBE180D289F9AA300E9B34D /* Resources */,
				1473BE62B482984540580FD0 /* [CP] Embed Pods Frameworks */,
			);
			buildRules = (
			);
			dependencies = (
			);
			name = PracitceWithSwinject;
			productName = PracitceWithSwinject;
			productReference = BEBE180F289F9AA300E9B34D /* PracitceWithSwinject.app */;
			productType = "com.apple.product-type.application";
		};
/* End PBXNativeTarget section */

/* Begin PBXProject section */
		BEBE1807289F9AA300E9B34D /* Project object */ = {
			isa = PBXProject;
			attributes = {
				BuildIndependentTargetsInParallel = 1;
				LastSwiftUpdateCheck = 1340;
				LastUpgradeCheck = 1340;
				TargetAttributes = {
					BEBE180E289F9AA300E9B34D = {
						CreatedOnToolsVersion = 13.4.1;
					};
				};
			};
			buildConfigurationList = BEBE180A289F9AA300E9B34D /* Build configuration list for PBXProject "PracitceWithSwinject" */;
			compatibilityVersion = "Xcode 13.0";
			developmentRegion = en;
			hasScannedForEncodings = 0;
			knownRegions = (
				en,
				Base,
			);
			mainGroup = BEBE1806289F9AA300E9B34D;
			productRefGroup = BEBE1810289F9AA300E9B34D /* Products */;
			projectDirPath = "";
			projectRoot = "";
			targets = (
				BEBE180E289F9AA300E9B34D /* PracitceWithSwinject */,
			);
		};
/* End PBXProject section */

/* Begin PBXResourcesBuildPhase section */
		BEBE180D289F9AA300E9B34D /* Resources */ = {
			isa = PBXResourcesBuildPhase;
			buildActionMask = 2147483647;
			files = (
				BEBE181F289F9AA400E9B34D /* LaunchScreen.storyboard in Resources */,
				BEBE181C289F9AA400E9B34D /* Assets.xcassets in Resources */,
			);
			runOnlyForDeploymentPostprocessing = 0;
		};
/* End PBXResourcesBuildPhase section */

/* Begin PBXShellScriptBuildPhase section */
		1473BE62B482984540580FD0 /* [CP] Embed Pods Frameworks */ = {
			isa = PBXShellScriptBuildPhase;
			buildActionMask = 2147483647;
			files = (
			);
			inputFileListPaths = (
				"${PODS_ROOT}/Target Support Files/Pods-PracitceWithSwinject/Pods-PracitceWithSwinject-frameworks-${CONFIGURATION}-input-files.xcfilelist",
			);
			name = "[CP] Embed Pods Frameworks";
			outputFileListPaths = (
				"${PODS_ROOT}/Target Support Files/Pods-PracitceWithSwinject/Pods-PracitceWithSwinject-frameworks-${CONFIGURATION}-output-files.xcfilelist",
			);
			runOnlyForDeploymentPostprocessing = 0;
			shellPath = /bin/sh;
			shellScript = "\"${PODS_ROOT}/Target Support Files/Pods-PracitceWithSwinject/Pods-PracitceWithSwinject-frameworks.sh\"\n";
			showEnvVarsInLog = 0;
		};
		E674ED6DEEEBF3C7B9283412 /* [CP] Check Pods Manifest.lock */ = {
			isa = PBXShellScriptBuildPhase;
			buildActionMask = 2147483647;
			files = (
			);
			inputFileListPaths = (
			);
			inputPaths = (
				"${PODS_PODFILE_DIR_PATH}/Podfile.lock",
				"${PODS_ROOT}/Manifest.lock",
			);
			name = "[CP] Check Pods Manifest.lock";
			outputFileListPaths = (
			);
			outputPaths = (
				"$(DERIVED_FILE_DIR)/Pods-PracitceWithSwinject-checkManifestLockResult.txt",
			);
			runOnlyForDeploymentPostprocessing = 0;
			shellPath = /bin/sh;
			shellScript = "diff \"${PODS_PODFILE_DIR_PATH}/Podfile.lock\" \"${PODS_ROOT}/Manifest.lock\" > /dev/null\nif [ $? != 0 ] ; then\n    # print error to STDERR\n    echo \"error: The sandbox is not in sync with the Podfile.lock. Run 'pod install' or update your CocoaPods installation.\" >&2\n    exit 1\nfi\n# This output is used by Xcode 'outputs' to avoid re-running this script phase.\necho \"SUCCESS\" > \"${SCRIPT_OUTPUT_FILE_0}\"\n";
			showEnvVarsInLog = 0;
		};
/* End PBXShellScriptBuildPhase section */

/* Begin PBXSourcesBuildPhase section */
		BEBE180B289F9AA300E9B34D /* Sources */ = {
			isa = PBXSourcesBuildPhase;
			buildActionMask = 2147483647;
			files = (
				BEBE1830289FA59E00E9B34D /* PostsObject.swift in Sources */,
				BEBE182E289FA53D00E9B34D /* DatabaseService.swift in Sources */,
				BEBE1832289FC12B00E9B34D /* TableViewDataSource.swift in Sources */,
				BEBE182B289F9F0500E9B34D /* NetworkService.swift in Sources */,
				BEBE1817289F9AA300E9B34D /* PostsViewController.swift in Sources */,
				BEBE1828289F9D6500E9B34D /* Assembly.swift in Sources */,
				BEBE1813289F9AA300E9B34D /* AppDelegate.swift in Sources */,
				BEBE1815289F9AA300E9B34D /* SceneDelegate.swift in Sources */,
			);
			runOnlyForDeploymentPostprocessing = 0;
		};
/* End PBXSourcesBuildPhase section */

/* Begin PBXVariantGroup section */
		BEBE181D289F9AA400E9B34D /* LaunchScreen.storyboard */ = {
			isa = PBXVariantGroup;
			children = (
				BEBE181E289F9AA400E9B34D /* Base */,
			);
			name = LaunchScreen.storyboard;
			sourceTree = "<group>";
		};
/* End PBXVariantGroup section */

/* Begin XCBuildConfiguration section */
		BEBE1821289F9AA400E9B34D /* Debug */ = {
			isa = XCBuildConfiguration;
			buildSettings = {
				ALWAYS_SEARCH_USER_PATHS = NO;
				CLANG_ANALYZER_NONNULL = YES;
				CLANG_ANALYZER_NUMBER_OBJECT_CONVERSION = YES_AGGRESSIVE;
				CLANG_CXX_LANGUAGE_STANDARD = "gnu++17";
				CLANG_ENABLE_MODULES = YES;
				CLANG_ENABLE_OBJC_ARC = YES;
				CLANG_ENABLE_OBJC_WEAK = YES;
				CLANG_WARN_BLOCK_CAPTURE_AUTORELEASING = YES;
				CLANG_WARN_BOOL_CONVERSION = YES;
				CLANG_WARN_COMMA = YES;
				CLANG_WARN_CONSTANT_CONVERSION = YES;
				CLANG_WARN_DEPRECATED_OBJC_IMPLEMENTATIONS = YES;
				CLANG_WARN_DIRECT_OBJC_ISA_USAGE = YES_ERROR;
				CLANG_WARN_DOCUMENTATION_COMMENTS = YES;
				CLANG_WARN_EMPTY_BODY = YES;
				CLANG_WARN_ENUM_CONVERSION = YES;
				CLANG_WARN_INFINITE_RECURSION = YES;
				CLANG_WARN_INT_CONVERSION = YES;
				CLANG_WARN_NON_LITERAL_NULL_CONVERSION = YES;
				CLANG_WARN_OBJC_IMPLICIT_RETAIN_SELF = YES;
				CLANG_WARN_OBJC_LITERAL_CONVERSION = YES;
				CLANG_WARN_OBJC_ROOT_CLASS = YES_ERROR;
				CLANG_WARN_QUOTED_INCLUDE_IN_FRAMEWORK_HEADER = YES;
				CLANG_WARN_RANGE_LOOP_ANALYSIS = YES;
				CLANG_WARN_STRICT_PROTOTYPES = YES;
				CLANG_WARN_SUSPICIOUS_MOVE = YES;
				CLANG_WARN_UNGUARDED_AVAILABILITY = YES_AGGRESSIVE;
				CLANG_WARN_UNREACHABLE_CODE = YES;
				CLANG_WARN__DUPLICATE_METHOD_MATCH = YES;
				COPY_PHASE_STRIP = NO;
				DEBUG_INFORMATION_FORMAT = dwarf;
				ENABLE_STRICT_OBJC_MSGSEND = YES;
				ENABLE_TESTABILITY = YES;
				GCC_C_LANGUAGE_STANDARD = gnu11;
				GCC_DYNAMIC_NO_PIC = NO;
				GCC_NO_COMMON_BLOCKS = YES;
				GCC_OPTIMIZATION_LEVEL = 0;
				GCC_PREPROCESSOR_DEFINITIONS = (
					"DEBUG=1",
					"$(inherited)",
				);
				GCC_WARN_64_TO_32_BIT_CONVERSION = YES;
				GCC_WARN_ABOUT_RETURN_TYPE = YES_ERROR;
				GCC_WARN_UNDECLARED_SELECTOR = YES;
				GCC_WARN_UNINITIALIZED_AUTOS = YES_AGGRESSIVE;
				GCC_WARN_UNUSED_FUNCTION = YES;
				GCC_WARN_UNUSED_VARIABLE = YES;
				IPHONEOS_DEPLOYMENT_TARGET = 15.5;
				MTL_ENABLE_DEBUG_INFO = INCLUDE_SOURCE;
				MTL_FAST_MATH = YES;
				ONLY_ACTIVE_ARCH = YES;
				SDKROOT = iphoneos;
				SWIFT_ACTIVE_COMPILATION_CONDITIONS = DEBUG;
				SWIFT_OPTIMIZATION_LEVEL = "-Onone";
			};
			name = Debug;
		};
		BEBE1822289F9AA400E9B34D /* Release */ = {
			isa = XCBuildConfiguration;
			buildSettings = {
				ALWAYS_SEARCH_USER_PATHS = NO;
				CLANG_ANALYZER_NONNULL = YES;
				CLANG_ANALYZER_NUMBER_OBJECT_CONVERSION = YES_AGGRESSIVE;
				CLANG_CXX_LANGUAGE_STANDARD = "gnu++17";
				CLANG_ENABLE_MODULES = YES;
				CLANG_ENABLE_OBJC_ARC = YES;
				CLANG_ENABLE_OBJC_WEAK = YES;
				CLANG_WARN_BLOCK_CAPTURE_AUTORELEASING = YES;
				CLANG_WARN_BOOL_CONVERSION = YES;
				CLANG_WARN_COMMA = YES;
				CLANG_WARN_CONSTANT_CONVERSION = YES;
				CLANG_WARN_DEPRECATED_OBJC_IMPLEMENTATIONS = YES;
				CLANG_WARN_DIRECT_OBJC_ISA_USAGE = YES_ERROR;
				CLANG_WARN_DOCUMENTATION_COMMENTS = YES;
				CLANG_WARN_EMPTY_BODY = YES;
				CLANG_WARN_ENUM_CONVERSION = YES;
				CLANG_WARN_INFINITE_RECURSION = YES;
				CLANG_WARN_INT_CONVERSION = YES;
				CLANG_WARN_NON_LITERAL_NULL_CONVERSION = YES;
				CLANG_WARN_OBJC_IMPLICIT_RETAIN_SELF = YES;
				CLANG_WARN_OBJC_LITERAL_CONVERSION = YES;
				CLANG_WARN_OBJC_ROOT_CLASS = YES_ERROR;
				CLANG_WARN_QUOTED_INCLUDE_IN_FRAMEWORK_HEADER = YES;
				CLANG_WARN_RANGE_LOOP_ANALYSIS = YES;
				CLANG_WARN_STRICT_PROTOTYPES = YES;
				CLANG_WARN_SUSPICIOUS_MOVE = YES;
				CLANG_WARN_UNGUARDED_AVAILABILITY = YES_AGGRESSIVE;
				CLANG_WARN_UNREACHABLE_CODE = YES;
				CLANG_WARN__DUPLICATE_METHOD_MATCH = YES;
				COPY_PHASE_STRIP = NO;
				DEBUG_INFORMATION_FORMAT = "dwarf-with-dsym";
				ENABLE_NS_ASSERTIONS = NO;
				ENABLE_STRICT_OBJC_MSGSEND = YES;
				GCC_C_LANGUAGE_STANDARD = gnu11;
				GCC_NO_COMMON_BLOCKS = YES;
				GCC_WARN_64_TO_32_BIT_CONVERSION = YES;
				GCC_WARN_ABOUT_RETURN_TYPE = YES_ERROR;
				GCC_WARN_UNDECLARED_SELECTOR = YES;
				GCC_WARN_UNINITIALIZED_AUTOS = YES_AGGRESSIVE;
				GCC_WARN_UNUSED_FUNCTION = YES;
				GCC_WARN_UNUSED_VARIABLE = YES;
				IPHONEOS_DEPLOYMENT_TARGET = 15.5;
				MTL_ENABLE_DEBUG_INFO = NO;
				MTL_FAST_MATH = YES;
				SDKROOT = iphoneos;
				SWIFT_COMPILATION_MODE = wholemodule;
				SWIFT_OPTIMIZATION_LEVEL = "-O";
				VALIDATE_PRODUCT = YES;
			};
			name = Release;
		};
		BEBE1824289F9AA400E9B34D /* Debug */ = {
			isa = XCBuildConfiguration;
			baseConfigurationReference = 6847DF2FF5E10DADCCC0AB48 /* Pods-PracitceWithSwinject.debug.xcconfig */;
			buildSettings = {
				ASSETCATALOG_COMPILER_APPICON_NAME = AppIcon;
				ASSETCATALOG_COMPILER_GLOBAL_ACCENT_COLOR_NAME = AccentColor;
				CODE_SIGN_STYLE = Automatic;
				CURRENT_PROJECT_VERSION = 1;
				DEVELOPMENT_TEAM = H5W6DUL8QB;
				GENERATE_INFOPLIST_FILE = YES;
				INFOPLIST_FILE = PracitceWithSwinject/Info.plist;
				INFOPLIST_KEY_UIApplicationSupportsIndirectInputEvents = YES;
				INFOPLIST_KEY_UILaunchStoryboardName = LaunchScreen;
				INFOPLIST_KEY_UISupportedInterfaceOrientations_iPad = "UIInterfaceOrientationPortrait UIInterfaceOrientationPortraitUpsideDown UIInterfaceOrientationLandscapeLeft UIInterfaceOrientationLandscapeRight";
				INFOPLIST_KEY_UISupportedInterfaceOrientations_iPhone = "UIInterfaceOrientationPortrait UIInterfaceOrientationLandscapeLeft UIInterfaceOrientationLandscapeRight";
				LD_RUNPATH_SEARCH_PATHS = (
					"$(inherited)",
					"@executable_path/Frameworks",
				);
				MARKETING_VERSION = 1.0;
				PRODUCT_BUNDLE_IDENTIFIER = "Vinyar-project.PracitceWithSwinject";
				PRODUCT_NAME = "$(TARGET_NAME)";
				SWIFT_EMIT_LOC_STRINGS = YES;
				SWIFT_VERSION = 5.0;
				TARGETED_DEVICE_FAMILY = "1,2";
			};
			name = Debug;
		};
		BEBE1825289F9AA400E9B34D /* Release */ = {
			isa = XCBuildConfiguration;
			baseConfigurationReference = A3337A6DFD3DAC4FF118B3E4 /* Pods-PracitceWithSwinject.release.xcconfig */;
			buildSettings = {
				ASSETCATALOG_COMPILER_APPICON_NAME = AppIcon;
				ASSETCATALOG_COMPILER_GLOBAL_ACCENT_COLOR_NAME = AccentColor;
				CODE_SIGN_STYLE = Automatic;
				CURRENT_PROJECT_VERSION = 1;
				DEVELOPMENT_TEAM = H5W6DUL8QB;
				GENERATE_INFOPLIST_FILE = YES;
				INFOPLIST_FILE = PracitceWithSwinject/Info.plist;
				INFOPLIST_KEY_UIApplicationSupportsIndirectInputEvents = YES;
				INFOPLIST_KEY_UILaunchStoryboardName = LaunchScreen;
				INFOPLIST_KEY_UISupportedInterfaceOrientations_iPad = "UIInterfaceOrientationPortrait UIInterfaceOrientationPortraitUpsideDown UIInterfaceOrientationLandscapeLeft UIInterfaceOrientationLandscapeRight";
				INFOPLIST_KEY_UISupportedInterfaceOrientations_iPhone = "UIInterfaceOrientationPortrait UIInterfaceOrientationLandscapeLeft UIInterfaceOrientationLandscapeRight";
				LD_RUNPATH_SEARCH_PATHS = (
					"$(inherited)",
					"@executable_path/Frameworks",
				);
				MARKETING_VERSION = 1.0;
				PRODUCT_BUNDLE_IDENTIFIER = "Vinyar-project.PracitceWithSwinject";
				PRODUCT_NAME = "$(TARGET_NAME)";
				SWIFT_EMIT_LOC_STRINGS = YES;
				SWIFT_VERSION = 5.0;
				TARGETED_DEVICE_FAMILY = "1,2";
			};
			name = Release;
		};
/* End XCBuildConfiguration section */

/* Begin XCConfigurationList section */
		BEBE180A289F9AA300E9B34D /* Build configuration list for PBXProject "PracitceWithSwinject" */ = {
			isa = XCConfigurationList;
			buildConfigurations = (
				BEBE1821289F9AA400E9B34D /* Debug */,
				BEBE1822289F9AA400E9B34D /* Release */,
			);
			defaultConfigurationIsVisible = 0;
			defaultConfigurationName = Release;
		};
		BEBE1823289F9AA400E9B34D /* Build configuration list for PBXNativeTarget "PracitceWithSwinject" */ = {
			isa = XCConfigurationList;
			buildConfigurations = (
				BEBE1824289F9AA400E9B34D /* Debug */,
				BEBE1825289F9AA400E9B34D /* Release */,
			);
			defaultConfigurationIsVisible = 0;
			defaultConfigurationName = Release;
		};
/* End XCConfigurationList section */
	};
	rootObject = BEBE1807289F9AA300E9B34D /* Project object */;
}
